
Microsoft Visual Studio Solution File, Format Version 12.00
# Visual Studio 15
VisualStudioVersion = 15.0.28307.757
MinimumVisualStudioVersion = 10.0.40219.1
Project("{E24C65DC-7377-472B-9ABA-BC803B73C61A}") = "LoadDock 411 v1.0", "LoadDock 411 v1.0\", "{DB99E66C-D59E-4B55-8410-13538D74E056}"
	ProjectSection(WebsiteProperties) = preProject
		TargetFrameworkMoniker = ".NETFramework,Version%3Dv4.6.1"
		Debug.AspNetCompiler.VirtualPath = "/localhost_62655"
		Debug.AspNetCompiler.PhysicalPath = "LoadDock 411 v1.0\"
		Debug.AspNetCompiler.TargetPath = "PrecompiledWeb\localhost_62655\"
		Debug.AspNetCompiler.Updateable = "true"
		Debug.AspNetCompiler.ForceOverwrite = "true"
		Debug.AspNetCompiler.FixedNames = "false"
		Debug.AspNetCompiler.Debug = "True"
		Release.AspNetCompiler.VirtualPath = "/localhost_62655"
		Release.AspNetCompiler.PhysicalPath = "LoadDock 411 v1.0\"
		Release.AspNetCompiler.TargetPath = "PrecompiledWeb\localhost_62655\"
		Release.AspNetCompiler.Updateable = "true"
		Release.AspNetCompiler.ForceOverwrite = "true"
		Release.AspNetCompiler.FixedNames = "false"
		Release.AspNetCompiler.Debug = "False"
		VWDPort = "62655"
		SlnRelativePath = "LoadDock 411 v1.0\"
		DefaultWebSiteLanguage = "Visual C#"
	EndProjectSection
EndProject
Global
	GlobalSection(SolutionConfigurationPlatforms) = preSolution
		Debug|Any CPU = Debug|Any CPU
	EndGlobalSection
	GlobalSection(ProjectConfigurationPlatforms) = postSolution
		{DB99E66C-D59E-4B55-8410-13538D74E056}.Debug|Any CPU.ActiveCfg = Debug|Any CPU
		{DB99E66C-D59E-4B55-8410-13538D74E056}.Debug|Any CPU.Build.0 = Debug|Any CPU
	EndGlobalSection
	GlobalSection(SolutionProperties) = preSolution
		HideSolutionNode = FALSE
	EndGlobalSection
	GlobalSection(ExtensibilityGlobals) = postSolution
		SolutionGuid = {63E603CA-1B95-4443-A875-FD56012B9A38}
	EndGlobalSection
EndGlobal
